// !$*UTF8*$!
{
	archiveVersion = 1;
	classes = {
	};
	objectVersion = 50;
	objects = {

/* Begin PBXBuildFile section */
		4270CB6021FF477800603BCC /* Photo+CoreDataClass.swift in Sources */ = {isa = PBXBuildFile; fileRef = 4270CB5C21FF477800603BCC /* Photo+CoreDataClass.swift */; };
		4270CB6121FF477800603BCC /* Photo+CoreDataProperties.swift in Sources */ = {isa = PBXBuildFile; fileRef = 4270CB5D21FF477800603BCC /* Photo+CoreDataProperties.swift */; };
		428EDF2022077B810097A760 /* Pin+CoreDataClass.swift in Sources */ = {isa = PBXBuildFile; fileRef = 428EDF1E22077B810097A760 /* Pin+CoreDataClass.swift */; };
		428EDF2122077B810097A760 /* Pin+CoreDataProperties.swift in Sources */ = {isa = PBXBuildFile; fileRef = 428EDF1F22077B810097A760 /* Pin+CoreDataProperties.swift */; };
		42C4E09F21FC352900D1C675 /* AppDelegate.swift in Sources */ = {isa = PBXBuildFile; fileRef = 42C4E09E21FC352900D1C675 /* AppDelegate.swift */; };
		42C4E0A121FC352900D1C675 /* ToVisitViewController.swift in Sources */ = {isa = PBXBuildFile; fileRef = 42C4E0A021FC352900D1C675 /* ToVisitViewController.swift */; };
		42C4E0A421FC352900D1C675 /* Main.storyboard in Resources */ = {isa = PBXBuildFile; fileRef = 42C4E0A221FC352900D1C675 /* Main.storyboard */; };
		42C4E0A621FC352A00D1C675 /* Assets.xcassets in Resources */ = {isa = PBXBuildFile; fileRef = 42C4E0A521FC352A00D1C675 /* Assets.xcassets */; };
		42C4E0A921FC352A00D1C675 /* LaunchScreen.storyboard in Resources */ = {isa = PBXBuildFile; fileRef = 42C4E0A721FC352A00D1C675 /* LaunchScreen.storyboard */; };
		42C4E0B321FC381100D1C675 /* MyWorldMap.xcdatamodeld in Sources */ = {isa = PBXBuildFile; fileRef = 42C4E0B121FC381100D1C675 /* MyWorldMap.xcdatamodeld */; };
		42C4E0B621FCB4E400D1C675 /* ToVisitPhotosViewController.swift in Sources */ = {isa = PBXBuildFile; fileRef = 42C4E0B521FCB4E400D1C675 /* ToVisitPhotosViewController.swift */; };
		42C4E0B921FCC31400D1C675 /* FlickrClient.swift in Sources */ = {isa = PBXBuildFile; fileRef = 42C4E0B821FCC31400D1C675 /* FlickrClient.swift */; };
		42C4E0BB21FCC32B00D1C675 /* FlickrConstants.swift in Sources */ = {isa = PBXBuildFile; fileRef = 42C4E0BA21FCC32B00D1C675 /* FlickrConstants.swift */; };
		42C4E0C221FCCA0600D1C675 /* PhotosParser.swift in Sources */ = {isa = PBXBuildFile; fileRef = 42C4E0C121FCCA0600D1C675 /* PhotosParser.swift */; };
		42C4E0C421FCCC7400D1C675 /* CoreDataStack.swift in Sources */ = {isa = PBXBuildFile; fileRef = 42C4E0C321FCCC7400D1C675 /* CoreDataStack.swift */; };
		42C4E0C621FCCF9E00D1C675 /* CommonViewController.swift in Sources */ = {isa = PBXBuildFile; fileRef = 42C4E0C521FCCF9E00D1C675 /* CommonViewController.swift */; };
		42C4E0C821FD85DA00D1C675 /* PhotoCollectionViewCell.swift in Sources */ = {isa = PBXBuildFile; fileRef = 42C4E0C721FD85DA00D1C675 /* PhotoCollectionViewCell.swift */; };
		42C967BA2209FD340046AFCC /* VisitedViewController.swift in Sources */ = {isa = PBXBuildFile; fileRef = 42C967B92209FD340046AFCC /* VisitedViewController.swift */; };
		42C967BC2209FE180046AFCC /* VisitedPhotosViewController.swift in Sources */ = {isa = PBXBuildFile; fileRef = 42C967BB2209FE180046AFCC /* VisitedPhotosViewController.swift */; };
		42C967BE2209FF9B0046AFCC /* PhotosViewerViewController.swift in Sources */ = {isa = PBXBuildFile; fileRef = 42C967BD2209FF9B0046AFCC /* PhotosViewerViewController.swift */; };
/* End PBXBuildFile section */

/* Begin PBXFileReference section */
		422CB48E220ED92D009F02E2 /* README.md */ = {isa = PBXFileReference; lastKnownFileType = net.daringfireball.markdown; path = README.md; sourceTree = "<group>"; };
		4270CB5C21FF477800603BCC /* Photo+CoreDataClass.swift */ = {isa = PBXFileReference; lastKnownFileType = sourcecode.swift; path = "Photo+CoreDataClass.swift"; sourceTree = "<group>"; };
		4270CB5D21FF477800603BCC /* Photo+CoreDataProperties.swift */ = {isa = PBXFileReference; lastKnownFileType = sourcecode.swift; path = "Photo+CoreDataProperties.swift"; sourceTree = "<group>"; };
		428EDF1E22077B810097A760 /* Pin+CoreDataClass.swift */ = {isa = PBXFileReference; lastKnownFileType = sourcecode.swift; path = "Pin+CoreDataClass.swift"; sourceTree = "<group>"; };
		428EDF1F22077B810097A760 /* Pin+CoreDataProperties.swift */ = {isa = PBXFileReference; lastKnownFileType = sourcecode.swift; path = "Pin+CoreDataProperties.swift"; sourceTree = "<group>"; };
		42C4E09B21FC352900D1C675 /* My World Map.app */ = {isa = PBXFileReference; explicitFileType = wrapper.application; includeInIndex = 0; path = "My World Map.app"; sourceTree = BUILT_PRODUCTS_DIR; };
		42C4E09E21FC352900D1C675 /* AppDelegate.swift */ = {isa = PBXFileReference; lastKnownFileType = sourcecode.swift; path = AppDelegate.swift; sourceTree = "<group>"; };
		42C4E0A021FC352900D1C675 /* ToVisitViewController.swift */ = {isa = PBXFileReference; lastKnownFileType = sourcecode.swift; path = ToVisitViewController.swift; sourceTree = "<group>"; };
		42C4E0A321FC352900D1C675 /* Base */ = {isa = PBXFileReference; lastKnownFileType = file.storyboard; name = Base; path = Base.lproj/Main.storyboard; sourceTree = "<group>"; };
		42C4E0A521FC352A00D1C675 /* Assets.xcassets */ = {isa = PBXFileReference; lastKnownFileType = folder.assetcatalog; path = Assets.xcassets; sourceTree = "<group>"; };
		42C4E0A821FC352A00D1C675 /* Base */ = {isa = PBXFileReference; lastKnownFileType = file.storyboard; name = Base; path = Base.lproj/LaunchScreen.storyboard; sourceTree = "<group>"; };
		42C4E0AA21FC352A00D1C675 /* Info.plist */ = {isa = PBXFileReference; lastKnownFileType = text.plist.xml; path = Info.plist; sourceTree = "<group>"; };
		42C4E0B221FC381100D1C675 /* VirtualTourist.xcdatamodel */ = {isa = PBXFileReference; lastKnownFileType = wrapper.xcdatamodel; path = VirtualTourist.xcdatamodel; sourceTree = "<group>"; };
		42C4E0B521FCB4E400D1C675 /* ToVisitPhotosViewController.swift */ = {isa = PBXFileReference; lastKnownFileType = sourcecode.swift; path = ToVisitPhotosViewController.swift; sourceTree = "<group>"; };
		42C4E0B821FCC31400D1C675 /* FlickrClient.swift */ = {isa = PBXFileReference; lastKnownFileType = sourcecode.swift; path = FlickrClient.swift; sourceTree = "<group>"; };
		42C4E0BA21FCC32B00D1C675 /* FlickrConstants.swift */ = {isa = PBXFileReference; lastKnownFileType = sourcecode.swift; path = FlickrConstants.swift; sourceTree = "<group>"; };
		42C4E0C121FCCA0600D1C675 /* PhotosParser.swift */ = {isa = PBXFileReference; lastKnownFileType = sourcecode.swift; path = PhotosParser.swift; sourceTree = "<group>"; };
		42C4E0C321FCCC7400D1C675 /* CoreDataStack.swift */ = {isa = PBXFileReference; lastKnownFileType = sourcecode.swift; path = CoreDataStack.swift; sourceTree = "<group>"; };
		42C4E0C521FCCF9E00D1C675 /* CommonViewController.swift */ = {isa = PBXFileReference; lastKnownFileType = sourcecode.swift; path = CommonViewController.swift; sourceTree = "<group>"; };
		42C4E0C721FD85DA00D1C675 /* PhotoCollectionViewCell.swift */ = {isa = PBXFileReference; lastKnownFileType = sourcecode.swift; path = PhotoCollectionViewCell.swift; sourceTree = "<group>"; };
		42C967B92209FD340046AFCC /* VisitedViewController.swift */ = {isa = PBXFileReference; lastKnownFileType = sourcecode.swift; path = VisitedViewController.swift; sourceTree = "<group>"; };
		42C967BB2209FE180046AFCC /* VisitedPhotosViewController.swift */ = {isa = PBXFileReference; lastKnownFileType = sourcecode.swift; path = VisitedPhotosViewController.swift; sourceTree = "<group>"; };
		42C967BD2209FF9B0046AFCC /* PhotosViewerViewController.swift */ = {isa = PBXFileReference; lastKnownFileType = sourcecode.swift; path = PhotosViewerViewController.swift; sourceTree = "<group>"; };
/* End PBXFileReference section */

/* Begin PBXFrameworksBuildPhase section */
		42C4E09821FC352900D1C675 /* Frameworks */ = {
			isa = PBXFrameworksBuildPhase;
			buildActionMask = 2147483647;
			files = (
			);
			runOnlyForDeploymentPostprocessing = 0;
		};
/* End PBXFrameworksBuildPhase section */

/* Begin PBXGroup section */
		42C4E09221FC352900D1C675 = {
			isa = PBXGroup;
			children = (
				422CB48E220ED92D009F02E2 /* README.md */,
				42C4E09D21FC352900D1C675 /* My World Map */,
				42C4E09C21FC352900D1C675 /* Products */,
			);
			sourceTree = "<group>";
		};
		42C4E09C21FC352900D1C675 /* Products */ = {
			isa = PBXGroup;
			children = (
				42C4E09B21FC352900D1C675 /* My World Map.app */,
			);
			name = Products;
			sourceTree = "<group>";
		};
		42C4E09D21FC352900D1C675 /* My World Map */ = {
			isa = PBXGroup;
			children = (
				42C4E0C021FCC69900D1C675 /* Assets */,
				42C4E0B421FCB42400D1C675 /* ViewControllers */,
				42C4E0B021FC353900D1C675 /* Model */,
				42C4E09E21FC352900D1C675 /* AppDelegate.swift */,
				42C4E0C321FCCC7400D1C675 /* CoreDataStack.swift */,
				42C4E0AA21FC352A00D1C675 /* Info.plist */,
			);
			path = "My World Map";
			sourceTree = "<group>";
		};
		42C4E0B021FC353900D1C675 /* Model */ = {
			isa = PBXGroup;
			children = (
				428EDF1E22077B810097A760 /* Pin+CoreDataClass.swift */,
				428EDF1F22077B810097A760 /* Pin+CoreDataProperties.swift */,
				4270CB5C21FF477800603BCC /* Photo+CoreDataClass.swift */,
				4270CB5D21FF477800603BCC /* Photo+CoreDataProperties.swift */,
				42C4E0C121FCCA0600D1C675 /* PhotosParser.swift */,
				42C4E0B721FCC2C800D1C675 /* Network */,
				42C4E0B121FC381100D1C675 /* MyWorldMap.xcdatamodeld */,
			);
			path = Model;
			sourceTree = "<group>";
		};
		42C4E0B421FCB42400D1C675 /* ViewControllers */ = {
			isa = PBXGroup;
			children = (
				42C967B82209FC300046AFCC /* Cell */,
				42C4E0A021FC352900D1C675 /* ToVisitViewController.swift */,
				42C4E0B521FCB4E400D1C675 /* ToVisitPhotosViewController.swift */,
				42C4E0C521FCCF9E00D1C675 /* CommonViewController.swift */,
				42C967B92209FD340046AFCC /* VisitedViewController.swift */,
				42C967BB2209FE180046AFCC /* VisitedPhotosViewController.swift */,
				42C967BD2209FF9B0046AFCC /* PhotosViewerViewController.swift */,
			);
			path = ViewControllers;
			sourceTree = "<group>";
		};
		42C4E0B721FCC2C800D1C675 /* Network */ = {
			isa = PBXGroup;
			children = (
				42C4E0B821FCC31400D1C675 /* FlickrClient.swift */,
				42C4E0BA21FCC32B00D1C675 /* FlickrConstants.swift */,
			);
			path = Network;
			sourceTree = "<group>";
		};
		42C4E0C021FCC69900D1C675 /* Assets */ = {
			isa = PBXGroup;
			children = (
				42C4E0A221FC352900D1C675 /* Main.storyboard */,
				42C4E0A721FC352A00D1C675 /* LaunchScreen.storyboard */,
				42C4E0A521FC352A00D1C675 /* Assets.xcassets */,
			);
			path = Assets;
			sourceTree = "<group>";
		};
		42C967B82209FC300046AFCC /* Cell */ = {
			isa = PBXGroup;
			children = (
				42C4E0C721FD85DA00D1C675 /* PhotoCollectionViewCell.swift */,
			);
			path = Cell;
			sourceTree = "<group>";
		};
/* End PBXGroup section */

/* Begin PBXNativeTarget section */
		42C4E09A21FC352900D1C675 /* My World Map */ = {
			isa = PBXNativeTarget;
			buildConfigurationList = 42C4E0AD21FC352A00D1C675 /* Build configuration list for PBXNativeTarget "My World Map" */;
			buildPhases = (
				42C4E09721FC352900D1C675 /* Sources */,
				42C4E09821FC352900D1C675 /* Frameworks */,
				42C4E09921FC352900D1C675 /* Resources */,
			);
			buildRules = (
			);
			dependencies = (
			);
			name = "My World Map";
			productName = "Virtual Tourist";
			productReference = 42C4E09B21FC352900D1C675 /* My World Map.app */;
			productType = "com.apple.product-type.application";
		};
/* End PBXNativeTarget section */

/* Begin PBXProject section */
		42C4E09321FC352900D1C675 /* Project object */ = {
			isa = PBXProject;
			attributes = {
				LastSwiftUpdateCheck = 1010;
				LastUpgradeCheck = 1010;
				ORGANIZATIONNAME = Udacity;
				TargetAttributes = {
					42C4E09A21FC352900D1C675 = {
						CreatedOnToolsVersion = 10.1;
					};
				};
			};
			buildConfigurationList = 42C4E09621FC352900D1C675 /* Build configuration list for PBXProject "My World Map" */;
			compatibilityVersion = "Xcode 9.3";
			developmentRegion = en;
			hasScannedForEncodings = 0;
			knownRegions = (
				en,
				Base,
			);
			mainGroup = 42C4E09221FC352900D1C675;
			productRefGroup = 42C4E09C21FC352900D1C675 /* Products */;
			projectDirPath = "";
			projectRoot = "";
			targets = (
				42C4E09A21FC352900D1C675 /* My World Map */,
			);
		};
/* End PBXProject section */

/* Begin PBXResourcesBuildPhase section */
		42C4E09921FC352900D1C675 /* Resources */ = {
			isa = PBXResourcesBuildPhase;
			buildActionMask = 2147483647;
			files = (
				42C4E0A921FC352A00D1C675 /* LaunchScreen.storyboard in Resources */,
				42C4E0A621FC352A00D1C675 /* Assets.xcassets in Resources */,
				42C4E0A421FC352900D1C675 /* Main.storyboard in Resources */,
			);
			runOnlyForDeploymentPostprocessing = 0;
		};
/* End PBXResourcesBuildPhase section */

/* Begin PBXSourcesBuildPhase section */
		42C4E09721FC352900D1C675 /* Sources */ = {
			isa = PBXSourcesBuildPhase;
			buildActionMask = 2147483647;
			files = (
				42C967BC2209FE180046AFCC /* VisitedPhotosViewController.swift in Sources */,
				42C4E0C221FCCA0600D1C675 /* PhotosParser.swift in Sources */,
				4270CB6021FF477800603BCC /* Photo+CoreDataClass.swift in Sources */,
				42C4E0A121FC352900D1C675 /* ToVisitViewController.swift in Sources */,
				42C4E0B921FCC31400D1C675 /* FlickrClient.swift in Sources */,
				42C967BE2209FF9B0046AFCC /* PhotosViewerViewController.swift in Sources */,
				42C4E0C821FD85DA00D1C675 /* PhotoCollectionViewCell.swift in Sources */,
				42C4E0C421FCCC7400D1C675 /* CoreDataStack.swift in Sources */,
				42C967BA2209FD340046AFCC /* VisitedViewController.swift in Sources */,
				4270CB6121FF477800603BCC /* Photo+CoreDataProperties.swift in Sources */,
				42C4E0B621FCB4E400D1C675 /* ToVisitPhotosViewController.swift in Sources */,
				428EDF2022077B810097A760 /* Pin+CoreDataClass.swift in Sources */,
				42C4E09F21FC352900D1C675 /* AppDelegate.swift in Sources */,
				42C4E0BB21FCC32B00D1C675 /* FlickrConstants.swift in Sources */,
				42C4E0C621FCCF9E00D1C675 /* CommonViewController.swift in Sources */,
				428EDF2122077B810097A760 /* Pin+CoreDataProperties.swift in Sources */,
				42C4E0B321FC381100D1C675 /* MyWorldMap.xcdatamodeld in Sources */,
			);
			runOnlyForDeploymentPostprocessing = 0;
		};
/* End PBXSourcesBuildPhase section */

/* Begin PBXVariantGroup section */
		42C4E0A221FC352900D1C675 /* Main.storyboard */ = {
			isa = PBXVariantGroup;
			children = (
				42C4E0A321FC352900D1C675 /* Base */,
			);
			name = Main.storyboard;
			sourceTree = "<group>";
		};
		42C4E0A721FC352A00D1C675 /* LaunchScreen.storyboard */ = {
			isa = PBXVariantGroup;
			children = (
				42C4E0A821FC352A00D1C675 /* Base */,
			);
			name = LaunchScreen.storyboard;
			sourceTree = "<group>";
		};
/* End PBXVariantGroup section */

/* Begin XCBuildConfiguration section */
		42C4E0AB21FC352A00D1C675 /* Debug */ = {
			isa = XCBuildConfiguration;
			buildSettings = {
				ALWAYS_SEARCH_USER_PATHS = NO;
				CLANG_ANALYZER_NONNULL = YES;
				CLANG_ANALYZER_NUMBER_OBJECT_CONVERSION = YES_AGGRESSIVE;
				CLANG_CXX_LANGUAGE_STANDARD = "gnu++14";
				CLANG_CXX_LIBRARY = "libc++";
				CLANG_ENABLE_MODULES = YES;
				CLANG_ENABLE_OBJC_ARC = YES;
				CLANG_ENABLE_OBJC_WEAK = YES;
				CLANG_WARN_BLOCK_CAPTURE_AUTORELEASING = YES;
				CLANG_WARN_BOOL_CONVERSION = YES;
				CLANG_WARN_COMMA = YES;
				CLANG_WARN_CONSTANT_CONVERSION = YES;
				CLANG_WARN_DEPRECATED_OBJC_IMPLEMENTATIONS = YES;
				CLANG_WARN_DIRECT_OBJC_ISA_USAGE = YES_ERROR;
				CLANG_WARN_DOCUMENTATION_COMMENTS = YES;
				CLANG_WARN_EMPTY_BODY = YES;
				CLANG_WARN_ENUM_CONVERSION = YES;
				CLANG_WARN_INFINITE_RECURSION = YES;
				CLANG_WARN_INT_CONVERSION = YES;
				CLANG_WARN_NON_LITERAL_NULL_CONVERSION = YES;
				CLANG_WARN_OBJC_IMPLICIT_RETAIN_SELF = YES;
				CLANG_WARN_OBJC_LITERAL_CONVERSION = YES;
				CLANG_WARN_OBJC_ROOT_CLASS = YES_ERROR;
				CLANG_WARN_RANGE_LOOP_ANALYSIS = YES;
				CLANG_WARN_STRICT_PROTOTYPES = YES;
				CLANG_WARN_SUSPICIOUS_MOVE = YES;
				CLANG_WARN_UNGUARDED_AVAILABILITY = YES_AGGRESSIVE;
				CLANG_WARN_UNREACHABLE_CODE = YES;
				CLANG_WARN__DUPLICATE_METHOD_MATCH = YES;
				CODE_SIGN_IDENTITY = "iPhone Developer";
				COPY_PHASE_STRIP = NO;
				DEBUG_INFORMATION_FORMAT = dwarf;
				ENABLE_STRICT_OBJC_MSGSEND = YES;
				ENABLE_TESTABILITY = YES;
				GCC_C_LANGUAGE_STANDARD = gnu11;
				GCC_DYNAMIC_NO_PIC = NO;
				GCC_NO_COMMON_BLOCKS = YES;
				GCC_OPTIMIZATION_LEVEL = 0;
				GCC_PREPROCESSOR_DEFINITIONS = (
					"DEBUG=1",
					"$(inherited)",
				);
				GCC_WARN_64_TO_32_BIT_CONVERSION = YES;
				GCC_WARN_ABOUT_RETURN_TYPE = YES_ERROR;
				GCC_WARN_UNDECLARED_SELECTOR = YES;
				GCC_WARN_UNINITIALIZED_AUTOS = YES_AGGRESSIVE;
				GCC_WARN_UNUSED_FUNCTION = YES;
				GCC_WARN_UNUSED_VARIABLE = YES;
				IPHONEOS_DEPLOYMENT_TARGET = 12.1;
				MTL_ENABLE_DEBUG_INFO = INCLUDE_SOURCE;
				MTL_FAST_MATH = YES;
				ONLY_ACTIVE_ARCH = YES;
				SDKROOT = iphoneos;
				SWIFT_ACTIVE_COMPILATION_CONDITIONS = DEBUG;
				SWIFT_OPTIMIZATION_LEVEL = "-Onone";
			};
			name = Debug;
		};
		42C4E0AC21FC352A00D1C675 /* Release */ = {
			isa = XCBuildConfiguration;
			buildSettings = {
				ALWAYS_SEARCH_USER_PATHS = NO;
				CLANG_ANALYZER_NONNULL = YES;
				CLANG_ANALYZER_NUMBER_OBJECT_CONVERSION = YES_AGGRESSIVE;
				CLANG_CXX_LANGUAGE_STANDARD = "gnu++14";
				CLANG_CXX_LIBRARY = "libc++";
				CLANG_ENABLE_MODULES = YES;
				CLANG_ENABLE_OBJC_ARC = YES;
				CLANG_ENABLE_OBJC_WEAK = YES;
				CLANG_WARN_BLOCK_CAPTURE_AUTORELEASING = YES;
				CLANG_WARN_BOOL_CONVERSION = YES;
				CLANG_WARN_COMMA = YES;
				CLANG_WARN_CONSTANT_CONVERSION = YES;
				CLANG_WARN_DEPRECATED_OBJC_IMPLEMENTATIONS = YES;
				CLANG_WARN_DIRECT_OBJC_ISA_USAGE = YES_ERROR;
				CLANG_WARN_DOCUMENTATION_COMMENTS = YES;
				CLANG_WARN_EMPTY_BODY = YES;
				CLANG_WARN_ENUM_CONVERSION = YES;
				CLANG_WARN_INFINITE_RECURSION = YES;
				CLANG_WARN_INT_CONVERSION = YES;
				CLANG_WARN_NON_LITERAL_NULL_CONVERSION = YES;
				CLANG_WARN_OBJC_IMPLICIT_RETAIN_SELF = YES;
				CLANG_WARN_OBJC_LITERAL_CONVERSION = YES;
				CLANG_WARN_OBJC_ROOT_CLASS = YES_ERROR;
				CLANG_WARN_RANGE_LOOP_ANALYSIS = YES;
				CLANG_WARN_STRICT_PROTOTYPES = YES;
				CLANG_WARN_SUSPICIOUS_MOVE = YES;
				CLANG_WARN_UNGUARDED_AVAILABILITY = YES_AGGRESSIVE;
				CLANG_WARN_UNREACHABLE_CODE = YES;
				CLANG_WARN__DUPLICATE_METHOD_MATCH = YES;
				CODE_SIGN_IDENTITY = "iPhone Developer";
				COPY_PHASE_STRIP = NO;
				DEBUG_INFORMATION_FORMAT = "dwarf-with-dsym";
				ENABLE_NS_ASSERTIONS = NO;
				ENABLE_STRICT_OBJC_MSGSEND = YES;
				GCC_C_LANGUAGE_STANDARD = gnu11;
				GCC_NO_COMMON_BLOCKS = YES;
				GCC_WARN_64_TO_32_BIT_CONVERSION = YES;
				GCC_WARN_ABOUT_RETURN_TYPE = YES_ERROR;
				GCC_WARN_UNDECLARED_SELECTOR = YES;
				GCC_WARN_UNINITIALIZED_AUTOS = YES_AGGRESSIVE;
				GCC_WARN_UNUSED_FUNCTION = YES;
				GCC_WARN_UNUSED_VARIABLE = YES;
				IPHONEOS_DEPLOYMENT_TARGET = 12.1;
				MTL_ENABLE_DEBUG_INFO = NO;
				MTL_FAST_MATH = YES;
				SDKROOT = iphoneos;
				SWIFT_COMPILATION_MODE = wholemodule;
				SWIFT_OPTIMIZATION_LEVEL = "-O";
				VALIDATE_PRODUCT = YES;
			};
			name = Release;
		};
		42C4E0AE21FC352A00D1C675 /* Debug */ = {
			isa = XCBuildConfiguration;
			buildSettings = {
				ASSETCATALOG_COMPILER_APPICON_NAME = AppIcon;
				CODE_SIGN_STYLE = Automatic;
				DEVELOPMENT_TEAM = RVK6YF987Y;
				INFOPLIST_FILE = "$(SRCROOT)/My World Map/Info.plist";
				LD_RUNPATH_SEARCH_PATHS = (
					"$(inherited)",
					"@executable_path/Frameworks",
				);
				PRODUCT_BUNDLE_IDENTIFIER = "com.udacity.My-World-Map";
				PRODUCT_NAME = "$(TARGET_NAME)";
				SWIFT_VERSION = 4.2;
				TARGETED_DEVICE_FAMILY = "1,2";
			};
			name = Debug;
		};
		42C4E0AF21FC352A00D1C675 /* Release */ = {
			isa = XCBuildConfiguration;
			buildSettings = {
				ASSETCATALOG_COMPILER_APPICON_NAME = AppIcon;
				CODE_SIGN_STYLE = Automatic;
				DEVELOPMENT_TEAM = RVK6YF987Y;
				INFOPLIST_FILE = "$(SRCROOT)/My World Map/Info.plist";
				LD_RUNPATH_SEARCH_PATHS = (
					"$(inherited)",
					"@executable_path/Frameworks",
				);
				PRODUCT_BUNDLE_IDENTIFIER = "com.udacity.My-World-Map";
				PRODUCT_NAME = "$(TARGET_NAME)";
				SWIFT_VERSION = 4.2;
				TARGETED_DEVICE_FAMILY = "1,2";
			};
			name = Release;
		};
/* End XCBuildConfiguration section */

/* Begin XCConfigurationList section */
		42C4E09621FC352900D1C675 /* Build configuration list for PBXProject "My World Map" */ = {
			isa = XCConfigurationList;
			buildConfigurations = (
				42C4E0AB21FC352A00D1C675 /* Debug */,
				42C4E0AC21FC352A00D1C675 /* Release */,
			);
			defaultConfigurationIsVisible = 0;
			defaultConfigurationName = Release;
		};
		42C4E0AD21FC352A00D1C675 /* Build configuration list for PBXNativeTarget "My World Map" */ = {
			isa = XCConfigurationList;
			buildConfigurations = (
				42C4E0AE21FC352A00D1C675 /* Debug */,
				42C4E0AF21FC352A00D1C675 /* Release */,
			);
			defaultConfigurationIsVisible = 0;
			defaultConfigurationName = Release;
		};
/* End XCConfigurationList section */

/* Begin XCVersionGroup section */
		42C4E0B121FC381100D1C675 /* MyWorldMap.xcdatamodeld */ = {
			isa = XCVersionGroup;
			children = (
				42C4E0B221FC381100D1C675 /* VirtualTourist.xcdatamodel */,
			);
			currentVersion = 42C4E0B221FC381100D1C675 /* VirtualTourist.xcdatamodel */;
			path = MyWorldMap.xcdatamodeld;
			sourceTree = "<group>";
			versionGroupType = wrapper.xcdatamodel;
		};
/* End XCVersionGroup section */
	};
	rootObject = 42C4E09321FC352900D1C675 /* Project object */;
}
